
Microsoft Visual Studio Solution File, Format Version 12.00
# Visual Studio Version 17
VisualStudioVersion = 17.13.35825.156
MinimumVisualStudioVersion = 10.0.40219.1
Project("{FAE04EC0-301F-11D3-BF4B-00C04F79EFBC}") = "Onion.Core", "Onion.Core\Onion.Core.csproj", "{B97FF117-B107-4083-B76E-B2CAA140B067}"
EndProject
Project("{FAE04EC0-301F-11D3-BF4B-00C04F79EFBC}") = "Onion.Application", "Onion.Application\Onion.Application.csproj", "{0326D541-300F-4341-8ACF-87180AEBD3DB}"
EndProject
Project("{FAE04EC0-301F-11D3-BF4B-00C04F79EFBC}") = "Onion.Infrastructure", "Onion.Infrastructure\Onion.Infrastructure.csproj", "{9061D711-D4C1-4789-AA49-84BA350B6C26}"
EndProject
Project("{FAE04EC0-301F-11D3-BF4B-00C04F79EFBC}") = "Onion.API", "Onion.API\Onion.API.csproj", "{9A9B8749-FAE0-463A-87B8-6DBBE871746B}"
EndProject
Project("{FAE04EC0-301F-11D3-BF4B-00C04F79EFBC}") = "Onion.Test", "Onion.Test\Onion.Test.csproj", "{D2ADF7F6-A64B-496A-8A3E-FA59EAC754AB}"
EndProject
Global
	GlobalSection(SolutionConfigurationPlatforms) = preSolution
		Debug|Any CPU = Debug|Any CPU
		Release|Any CPU = Release|Any CPU
	EndGlobalSection
	GlobalSection(ProjectConfigurationPlatforms) = postSolution
		{B97FF117-B107-4083-B76E-B2CAA140B067}.Debug|Any CPU.ActiveCfg = Debug|Any CPU
		{B97FF117-B107-4083-B76E-B2CAA140B067}.Debug|Any CPU.Build.0 = Debug|Any CPU
		{B97FF117-B107-4083-B76E-B2CAA140B067}.Release|Any CPU.ActiveCfg = Release|Any CPU
		{B97FF117-B107-4083-B76E-B2CAA140B067}.Release|Any CPU.Build.0 = Release|Any CPU
		{0326D541-300F-4341-8ACF-87180AEBD3DB}.Debug|Any CPU.ActiveCfg = Debug|Any CPU
		{0326D541-300F-4341-8ACF-87180AEBD3DB}.Debug|Any CPU.Build.0 = Debug|Any CPU
		{0326D541-300F-4341-8ACF-87180AEBD3DB}.Release|Any CPU.ActiveCfg = Release|Any CPU
		{0326D541-300F-4341-8ACF-87180AEBD3DB}.Release|Any CPU.Build.0 = Release|Any CPU
		{9061D711-D4C1-4789-AA49-84BA350B6C26}.Debug|Any CPU.ActiveCfg = Debug|Any CPU
		{9061D711-D4C1-4789-AA49-84BA350B6C26}.Debug|Any CPU.Build.0 = Debug|Any CPU
		{9061D711-D4C1-4789-AA49-84BA350B6C26}.Release|Any CPU.ActiveCfg = Release|Any CPU
		{9061D711-D4C1-4789-AA49-84BA350B6C26}.Release|Any CPU.Build.0 = Release|Any CPU
		{9A9B8749-FAE0-463A-87B8-6DBBE871746B}.Debug|Any CPU.ActiveCfg = Debug|Any CPU
		{9A9B8749-FAE0-463A-87B8-6DBBE871746B}.Debug|Any CPU.Build.0 = Debug|Any CPU
		{9A9B8749-FAE0-463A-87B8-6DBBE871746B}.Release|Any CPU.ActiveCfg = Release|Any CPU
		{9A9B8749-FAE0-463A-87B8-6DBBE871746B}.Release|Any CPU.Build.0 = Release|Any CPU
		{D2ADF7F6-A64B-496A-8A3E-FA59EAC754AB}.Debug|Any CPU.ActiveCfg = Debug|Any CPU
		{D2ADF7F6-A64B-496A-8A3E-FA59EAC754AB}.Debug|Any CPU.Build.0 = Debug|Any CPU
		{D2ADF7F6-A64B-496A-8A3E-FA59EAC754AB}.Release|Any CPU.ActiveCfg = Release|Any CPU
		{D2ADF7F6-A64B-496A-8A3E-FA59EAC754AB}.Release|Any CPU.Build.0 = Release|Any CPU
	EndGlobalSection
	GlobalSection(SolutionProperties) = preSolution
		HideSolutionNode = FALSE
	EndGlobalSection
	GlobalSection(ExtensibilityGlobals) = postSolution
		SolutionGuid = {84982B31-3441-4EB3-A884-6AA55C6333C8}
	EndGlobalSection
EndGlobal
