
Microsoft Visual Studio Solution File, Format Version 12.00
# Visual Studio Version 17
VisualStudioVersion = 17.13.35825.156 d17.13
MinimumVisualStudioVersion = 10.0.40219.1
Project("{FAE04EC0-301F-11D3-BF4B-00C04F79EFBC}") = "LinqExamples", "LinqExamples\LinqExamples.csproj", "{3EF2F82E-A364-4FB2-BF4A-E6B85511AFD6}"
EndProject
Global
	GlobalSection(SolutionConfigurationPlatforms) = preSolution
		Debug|Any CPU = Debug|Any CPU
		Release|Any CPU = Release|Any CPU
	EndGlobalSection
	GlobalSection(ProjectConfigurationPlatforms) = postSolution
		{3EF2F82E-A364-4FB2-BF4A-E6B85511AFD6}.Debug|Any CPU.ActiveCfg = Debug|Any CPU
		{3EF2F82E-A364-4FB2-BF4A-E6B85511AFD6}.Debug|Any CPU.Build.0 = Debug|Any CPU
		{3EF2F82E-A364-4FB2-BF4A-E6B85511AFD6}.Release|Any CPU.ActiveCfg = Release|Any CPU
		{3EF2F82E-A364-4FB2-BF4A-E6B85511AFD6}.Release|Any CPU.Build.0 = Release|Any CPU
	EndGlobalSection
	GlobalSection(SolutionProperties) = preSolution
		HideSolutionNode = FALSE
	EndGlobalSection
	GlobalSection(ExtensibilityGlobals) = postSolution
		SolutionGuid = {25DD2610-B316-4EF1-8DAF-E5B076A45FFF}
	EndGlobalSection
EndGlobal
